
Microsoft Visual Studio Solution File, Format Version 12.00
# Visual Studio Version 17
VisualStudioVersion = 17.9.34728.123
MinimumVisualStudioVersion = 10.0.40219.1
Project("{2150E333-8FDC-42A3-9474-1A3956D46DE8}") = "FrontEnd", "FrontEnd", "{D782E95D-6709-4E49-BB91-4ED4C5B97C3E}"
EndProject
Project("{2150E333-8FDC-42A3-9474-1A3956D46DE8}") = "Gateway", "Gateway", "{D36F56AB-8CAE-4EE7-B6D4-CD91358DED59}"
EndProject
Project("{2150E333-8FDC-42A3-9474-1A3956D46DE8}") = "Integration", "Integration", "{9826BF0A-B75D-42C8-8C01-57CB4ABFB81F}"
EndProject
Project("{2150E333-8FDC-42A3-9474-1A3956D46DE8}") = "Services", "Services", "{5BC35371-67E0-4FC8-A028-1F7890D56F26}"
EndProject
Project("{9A19103F-16F7-4668-BE54-9A1E7A4F7556}") = "Mango.Services.CouponAPI", "Mango.Services.CouponAPI\Mango.Services.CouponAPI.csproj", "{DCE2A2C7-08E3-4F03-9EFC-EF1241596ADC}"
EndProject
Project("{9A19103F-16F7-4668-BE54-9A1E7A4F7556}") = "Mango.Web", "Mango.Web\Mango.Web.csproj", "{B520E4FF-FA6E-4823-93BA-4B0B5A2218C1}"
EndProject
Project("{9A19103F-16F7-4668-BE54-9A1E7A4F7556}") = "Mango.Services.AuthAPI", "Mango.Services.AuthAPI\Mango.Services.AuthAPI.csproj", "{31784867-F9B2-4017-A323-D61803C250C1}"
EndProject
Project("{9A19103F-16F7-4668-BE54-9A1E7A4F7556}") = "Mango.Services.ProductAPI", "Mango.Services.ProductAPI\Mango.Services.ProductAPI.csproj", "{D8E8539E-6D4F-4009-8FB3-59AA08DB4AB1}"
EndProject
Project("{9A19103F-16F7-4668-BE54-9A1E7A4F7556}") = "Mango.Services.ShoppingCartAPI", "Mango.Services.ShoppingCartAPI\Mango.Services.ShoppingCartAPI.csproj", "{7711458E-510B-4E55-82AE-2AFABEAB99C8}"
EndProject
Project("{FAE04EC0-301F-11D3-BF4B-00C04F79EFBC}") = "MangoMessageBus", "MangoMessageBus\MangoMessageBus.csproj", "{DC675EAD-E49E-44B4-8E3D-F10EEDCC980B}"
EndProject
Project("{FAE04EC0-301F-11D3-BF4B-00C04F79EFBC}") = "Mango.Services.EmailAPI", "Mango.Services.Email\Mango.Services.EmailAPI.csproj", "{7F7785EC-CD9B-4CDB-B17F-AFBD31D0C5E3}"
EndProject
Global
	GlobalSection(SolutionConfigurationPlatforms) = preSolution
		Debug|Any CPU = Debug|Any CPU
		Release|Any CPU = Release|Any CPU
	EndGlobalSection
	GlobalSection(ProjectConfigurationPlatforms) = postSolution
		{DCE2A2C7-08E3-4F03-9EFC-EF1241596ADC}.Debug|Any CPU.ActiveCfg = Debug|Any CPU
		{DCE2A2C7-08E3-4F03-9EFC-EF1241596ADC}.Debug|Any CPU.Build.0 = Debug|Any CPU
		{DCE2A2C7-08E3-4F03-9EFC-EF1241596ADC}.Release|Any CPU.ActiveCfg = Release|Any CPU
		{DCE2A2C7-08E3-4F03-9EFC-EF1241596ADC}.Release|Any CPU.Build.0 = Release|Any CPU
		{B520E4FF-FA6E-4823-93BA-4B0B5A2218C1}.Debug|Any CPU.ActiveCfg = Debug|Any CPU
		{B520E4FF-FA6E-4823-93BA-4B0B5A2218C1}.Debug|Any CPU.Build.0 = Debug|Any CPU
		{B520E4FF-FA6E-4823-93BA-4B0B5A2218C1}.Release|Any CPU.ActiveCfg = Release|Any CPU
		{B520E4FF-FA6E-4823-93BA-4B0B5A2218C1}.Release|Any CPU.Build.0 = Release|Any CPU
		{31784867-F9B2-4017-A323-D61803C250C1}.Debug|Any CPU.ActiveCfg = Debug|Any CPU
		{31784867-F9B2-4017-A323-D61803C250C1}.Debug|Any CPU.Build.0 = Debug|Any CPU
		{31784867-F9B2-4017-A323-D61803C250C1}.Release|Any CPU.ActiveCfg = Release|Any CPU
		{31784867-F9B2-4017-A323-D61803C250C1}.Release|Any CPU.Build.0 = Release|Any CPU
		{D8E8539E-6D4F-4009-8FB3-59AA08DB4AB1}.Debug|Any CPU.ActiveCfg = Debug|Any CPU
		{D8E8539E-6D4F-4009-8FB3-59AA08DB4AB1}.Debug|Any CPU.Build.0 = Debug|Any CPU
		{D8E8539E-6D4F-4009-8FB3-59AA08DB4AB1}.Release|Any CPU.ActiveCfg = Release|Any CPU
		{D8E8539E-6D4F-4009-8FB3-59AA08DB4AB1}.Release|Any CPU.Build.0 = Release|Any CPU
		{7711458E-510B-4E55-82AE-2AFABEAB99C8}.Debug|Any CPU.ActiveCfg = Debug|Any CPU
		{7711458E-510B-4E55-82AE-2AFABEAB99C8}.Debug|Any CPU.Build.0 = Debug|Any CPU
		{7711458E-510B-4E55-82AE-2AFABEAB99C8}.Release|Any CPU.ActiveCfg = Release|Any CPU
		{7711458E-510B-4E55-82AE-2AFABEAB99C8}.Release|Any CPU.Build.0 = Release|Any CPU
		{DC675EAD-E49E-44B4-8E3D-F10EEDCC980B}.Debug|Any CPU.ActiveCfg = Debug|Any CPU
		{DC675EAD-E49E-44B4-8E3D-F10EEDCC980B}.Debug|Any CPU.Build.0 = Debug|Any CPU
		{DC675EAD-E49E-44B4-8E3D-F10EEDCC980B}.Release|Any CPU.ActiveCfg = Release|Any CPU
		{DC675EAD-E49E-44B4-8E3D-F10EEDCC980B}.Release|Any CPU.Build.0 = Release|Any CPU
		{7F7785EC-CD9B-4CDB-B17F-AFBD31D0C5E3}.Debug|Any CPU.ActiveCfg = Debug|Any CPU
		{7F7785EC-CD9B-4CDB-B17F-AFBD31D0C5E3}.Debug|Any CPU.Build.0 = Debug|Any CPU
		{7F7785EC-CD9B-4CDB-B17F-AFBD31D0C5E3}.Release|Any CPU.ActiveCfg = Release|Any CPU
		{7F7785EC-CD9B-4CDB-B17F-AFBD31D0C5E3}.Release|Any CPU.Build.0 = Release|Any CPU
	EndGlobalSection
	GlobalSection(SolutionProperties) = preSolution
		HideSolutionNode = FALSE
	EndGlobalSection
	GlobalSection(NestedProjects) = preSolution
		{DCE2A2C7-08E3-4F03-9EFC-EF1241596ADC} = {5BC35371-67E0-4FC8-A028-1F7890D56F26}
		{B520E4FF-FA6E-4823-93BA-4B0B5A2218C1} = {D782E95D-6709-4E49-BB91-4ED4C5B97C3E}
		{31784867-F9B2-4017-A323-D61803C250C1} = {5BC35371-67E0-4FC8-A028-1F7890D56F26}
		{D8E8539E-6D4F-4009-8FB3-59AA08DB4AB1} = {5BC35371-67E0-4FC8-A028-1F7890D56F26}
		{7711458E-510B-4E55-82AE-2AFABEAB99C8} = {5BC35371-67E0-4FC8-A028-1F7890D56F26}
		{DC675EAD-E49E-44B4-8E3D-F10EEDCC980B} = {9826BF0A-B75D-42C8-8C01-57CB4ABFB81F}
		{7F7785EC-CD9B-4CDB-B17F-AFBD31D0C5E3} = {5BC35371-67E0-4FC8-A028-1F7890D56F26}
	EndGlobalSection
	GlobalSection(ExtensibilityGlobals) = postSolution
		SolutionGuid = {23C539E9-2C58-4706-9128-6934CEFE6842}
	EndGlobalSection
EndGlobal
